{
  "originHash" : "3eb6ee33bad1ddde49e05384c511f9dde3db98c281d8fce0fdcdd117845ecccf",
  "pins" : [
    {
      "identity" : "swift-obd2",
      "kind" : "remoteSourceControl",
      "location" : "https://github.com/momolas/Swift-OBD2.git",
      "state" : {
        "branch" : "main",
        "revision" : "668e686806fb5780903fc620d38ba2eac2efd56a"
      }
    }
  ],
  "version" : 3
}
