{
  "originHash" : "3eb6ee33bad1ddde49e05384c511f9dde3db98c281d8fce0fdcdd117845ecccf",
  "pins" : [
    {
      "identity" : "swift-obd2",
      "kind" : "remoteSourceControl",
      "location" : "https://github.com/momolas/Swift-OBD2.git",
      "state" : {
        "branch" : "main",
        "revision" : "889a09d33e996a3780ef6f46a93d4f750a4ee635"
      }
    }
  ],
  "version" : 3
}
